
Microsoft Visual Studio Solution File, Format Version 11.00
# Visual Studio 2010
Project("{FAE04EC0-301F-11D3-BF4B-00C04F79EFBC}") = "pomelo-dotnetClient", "pomelo-dotnetClient\pomelo-dotnetClient.csproj", "{0752F53D-46EF-44E2-AAA9-F2FAB9F0C4FA}"
EndProject
Global
	GlobalSection(SolutionConfigurationPlatforms) = preSolution
		Debug|x86 = Debug|x86
		Release|x86 = Release|x86
	EndGlobalSection
	GlobalSection(ProjectConfigurationPlatforms) = postSolution
		{0752F53D-46EF-44E2-AAA9-F2FAB9F0C4FA}.Debug|x86.ActiveCfg = Debug|x86
		{0752F53D-46EF-44E2-AAA9-F2FAB9F0C4FA}.Debug|x86.Build.0 = Debug|x86
		{0752F53D-46EF-44E2-AAA9-F2FAB9F0C4FA}.Release|x86.ActiveCfg = Release|x86
		{0752F53D-46EF-44E2-AAA9-F2FAB9F0C4FA}.Release|x86.Build.0 = Release|x86
	EndGlobalSection
	GlobalSection(MonoDevelopProperties) = preSolution
		StartupItem = pomelo-dotnetClient\pomelo-dotnetClient.csproj
	EndGlobalSection
EndGlobal
